# This file is generated by running "yarn install" inside your project.
# Manual changes might be lost - proceed with caution!

__metadata:
  version: 8
  cacheKey: 10c0

"@inquirer/checkbox@npm:^4.1.9":
  version: 4.1.9
  resolution: "@inquirer/checkbox@npm:4.1.9"
  dependencies:
    "@inquirer/core": "npm:^10.1.14"
    "@inquirer/figures": "npm:^1.0.12"
    "@inquirer/type": "npm:^3.0.7"
    ansi-escapes: "npm:^4.3.2"
    yoctocolors-cjs: "npm:^2.1.2"
  peerDependencies:
    "@types/node": ">=18"
  peerDependenciesMeta:
    "@types/node":
      optional: true
  checksum: 10c0/d1a93c31f3dad37f060bfdb6a8ba53f2cd36cfca7766c464c34aa95ecf691956c32be2f5b71cc8633ed7581452a04ab7b3a025d662270460d21b25069651ed42
  languageName: node
  linkType: hard

"@inquirer/confirm@npm:^5.1.13":
  version: 5.1.13
  resolution: "@inquirer/confirm@npm:5.1.13"
  dependencies:
    "@inquirer/core": "npm:^10.1.14"
    "@inquirer/type": "npm:^3.0.7"
  peerDependencies:
    "@types/node": ">=18"
  peerDependenciesMeta:
    "@types/node":
      optional: true
  checksum: 10c0/e09af25c4b4f51fdc7c6780e2325217515d3970a8baab3597ae27ea8d0ed68527c19b3ae95f85eeb62d880f6e8a0f3bff91277f0f46e092e993ca18ad17e4993
  languageName: node
  linkType: hard

"@inquirer/core@npm:^10.1.14":
  version: 10.1.14
  resolution: "@inquirer/core@npm:10.1.14"
  dependencies:
    "@inquirer/figures": "npm:^1.0.12"
    "@inquirer/type": "npm:^3.0.7"
    ansi-escapes: "npm:^4.3.2"
    cli-width: "npm:^4.1.0"
    mute-stream: "npm:^2.0.0"
    signal-exit: "npm:^4.1.0"
    wrap-ansi: "npm:^6.2.0"
    yoctocolors-cjs: "npm:^2.1.2"
  peerDependencies:
    "@types/node": ">=18"
  peerDependenciesMeta:
    "@types/node":
      optional: true
  checksum: 10c0/2553eb059201ebb182eb8e55a278ce3f2848a3abdfcf26e651b57b146f35baa19a286af0365ee5968b4459a1be93864ebf205a7af32fed8f995b394750a1d1f4
  languageName: node
  linkType: hard

"@inquirer/editor@npm:^4.2.14":
  version: 4.2.14
  resolution: "@inquirer/editor@npm:4.2.14"
  dependencies:
    "@inquirer/core": "npm:^10.1.14"
    "@inquirer/type": "npm:^3.0.7"
    external-editor: "npm:^3.1.0"
  peerDependencies:
    "@types/node": ">=18"
  peerDependenciesMeta:
    "@types/node":
      optional: true
  checksum: 10c0/40e85b4a598f3541f96185c61f0a5ba9abf9385f28cef8b8a1f9570729bbb98f32c80e98e4ce63bd3d07d4011b770d945587d9c6eecce3b03eb2ec08bd7f37ea
  languageName: node
  linkType: hard

"@inquirer/expand@npm:^4.0.16":
  version: 4.0.16
  resolution: "@inquirer/expand@npm:4.0.16"
  dependencies:
    "@inquirer/core": "npm:^10.1.14"
    "@inquirer/type": "npm:^3.0.7"
    yoctocolors-cjs: "npm:^2.1.2"
  peerDependencies:
    "@types/node": ">=18"
  peerDependenciesMeta:
    "@types/node":
      optional: true
  checksum: 10c0/919e314c5bd86b957b491eff6aa79c990908b7898fc5d02968920be7866449d9dbf9bc33831eab922682e60b98553d753d1a3de6667fa6b1aa6443f457732713
  languageName: node
  linkType: hard

"@inquirer/figures@npm:^1.0.12":
  version: 1.0.12
  resolution: "@inquirer/figures@npm:1.0.12"
  checksum: 10c0/08694288bdf9aa474571ca94272113a5ac443229519ce71447eba9eb7d5a2007901bdc3e92216d929a69746dcbac29683886c20e67b7864a7c7f6c59b99d3269
  languageName: node
  linkType: hard

"@inquirer/input@npm:^4.2.0":
  version: 4.2.0
  resolution: "@inquirer/input@npm:4.2.0"
  dependencies:
    "@inquirer/core": "npm:^10.1.14"
    "@inquirer/type": "npm:^3.0.7"
  peerDependencies:
    "@types/node": ">=18"
  peerDependenciesMeta:
    "@types/node":
      optional: true
  checksum: 10c0/c9b671bbb8c8079e975c9138951b7abb6b06e04a44e47286b659569080140f5f18015ba3f2d55e90c5060a313a3c3e9e115138feced7abe7a94a43190a052199
  languageName: node
  linkType: hard

"@inquirer/number@npm:^3.0.16":
  version: 3.0.16
  resolution: "@inquirer/number@npm:3.0.16"
  dependencies:
    "@inquirer/core": "npm:^10.1.14"
    "@inquirer/type": "npm:^3.0.7"
  peerDependencies:
    "@types/node": ">=18"
  peerDependenciesMeta:
    "@types/node":
      optional: true
  checksum: 10c0/066230f02cd253fe26cd78493c7c20b59063c8c2de5c8f5fadcaf4eb8650efc9e6555ba7d3703cc9ba7a751663f60e62e24b4a319d9536afa7ced7459e9b2320
  languageName: node
  linkType: hard

"@inquirer/password@npm:^4.0.16":
  version: 4.0.16
  resolution: "@inquirer/password@npm:4.0.16"
  dependencies:
    "@inquirer/core": "npm:^10.1.14"
    "@inquirer/type": "npm:^3.0.7"
    ansi-escapes: "npm:^4.3.2"
  peerDependencies:
    "@types/node": ">=18"
  peerDependenciesMeta:
    "@types/node":
      optional: true
  checksum: 10c0/b77c57ba152b50c640cd77637d1ed23662059689546e33b235937e7e108fbbf72b9b5c61834c545f74f1d18d5c836ef5a0dc78da31ea6affe9842c3471a27325
  languageName: node
  linkType: hard

"@inquirer/prompts@npm:^7.6.0":
  version: 7.6.0
  resolution: "@inquirer/prompts@npm:7.6.0"
  dependencies:
    "@inquirer/checkbox": "npm:^4.1.9"
    "@inquirer/confirm": "npm:^5.1.13"
    "@inquirer/editor": "npm:^4.2.14"
    "@inquirer/expand": "npm:^4.0.16"
    "@inquirer/input": "npm:^4.2.0"
    "@inquirer/number": "npm:^3.0.16"
    "@inquirer/password": "npm:^4.0.16"
    "@inquirer/rawlist": "npm:^4.1.4"
    "@inquirer/search": "npm:^3.0.16"
    "@inquirer/select": "npm:^4.2.4"
  peerDependencies:
    "@types/node": ">=18"
  peerDependenciesMeta:
    "@types/node":
      optional: true
  checksum: 10c0/a00186a71388308a1bc83bd96fef14c702b6cfa34ecd7c7cf880405295b25aefd18a3b79363d788c9c31a2aa5e30732d21467a5b716fc35cc5fd303745ff2218
  languageName: node
  linkType: hard

"@inquirer/rawlist@npm:^4.1.4":
  version: 4.1.4
  resolution: "@inquirer/rawlist@npm:4.1.4"
  dependencies:
    "@inquirer/core": "npm:^10.1.14"
    "@inquirer/type": "npm:^3.0.7"
    yoctocolors-cjs: "npm:^2.1.2"
  peerDependencies:
    "@types/node": ">=18"
  peerDependenciesMeta:
    "@types/node":
      optional: true
  checksum: 10c0/2ee08bbdd982e4d565dc37b38b4f45e5a040ea1e60e3f8ec808106c1b541585e9a5c3a18f795ae2168820695ad55fb88b2e391c3a0d616a4e74620250292e2d3
  languageName: node
  linkType: hard

"@inquirer/search@npm:^3.0.16":
  version: 3.0.16
  resolution: "@inquirer/search@npm:3.0.16"
  dependencies:
    "@inquirer/core": "npm:^10.1.14"
    "@inquirer/figures": "npm:^1.0.12"
    "@inquirer/type": "npm:^3.0.7"
    yoctocolors-cjs: "npm:^2.1.2"
  peerDependencies:
    "@types/node": ">=18"
  peerDependenciesMeta:
    "@types/node":
      optional: true
  checksum: 10c0/34330cec50dd72669cdee14a413e7b43dee0e09c8f181a86ccfbdac424b6296e39dcc3c5992168d06c8f5e4cab54644913d5281723fa7a0f454c2c3cafeea192
  languageName: node
  linkType: hard

"@inquirer/select@npm:^4.2.4":
  version: 4.2.4
  resolution: "@inquirer/select@npm:4.2.4"
  dependencies:
    "@inquirer/core": "npm:^10.1.14"
    "@inquirer/figures": "npm:^1.0.12"
    "@inquirer/type": "npm:^3.0.7"
    ansi-escapes: "npm:^4.3.2"
    yoctocolors-cjs: "npm:^2.1.2"
  peerDependencies:
    "@types/node": ">=18"
  peerDependenciesMeta:
    "@types/node":
      optional: true
  checksum: 10c0/8c2dff78f331a52862252ffbc2ad1b8b91cbc556c2af1e6acc5878855ffff7048bb45eefa53e0ef4fbf5310361d9986d10c2882c2355f815e05d635cab9bb679
  languageName: node
  linkType: hard

"@inquirer/type@npm:^3.0.7":
  version: 3.0.7
  resolution: "@inquirer/type@npm:3.0.7"
  peerDependencies:
    "@types/node": ">=18"
  peerDependenciesMeta:
    "@types/node":
      optional: true
  checksum: 10c0/bbaa33c274a10f70d3a587264e1db6dbfcd8c1458d595c54870d1d5b3fc113ab5063203ec12a098485bb9e2fcef1a87d8c6ecd2a6d44ddc575f5c4715379be5e
  languageName: node
  linkType: hard

"@jclem/logfmt2@npm:~2.4.3":
  version: 2.4.3
  resolution: "@jclem/logfmt2@npm:2.4.3"
  checksum: 10c0/57a706039c3eb8a6fba2f551bcb376d1ccbea335fce1fcf9b7a3bf31f1f57cc48ff0c8321f6592092f39beabfbd6ad7251f76d493a37b6ea7163fef8f1514739
  languageName: node
  linkType: hard

"@kikobeats/time-span@npm:~1.0.2":
  version: 1.0.6
  resolution: "@kikobeats/time-span@npm:1.0.6"
  checksum: 10c0/9084de443d4358746e4e52c7811a078c97c1d2cea2a987ffa20559c81409005a93c43043ee7392d9a33ee1d5a55bed46d4fb03696dded0b270e5002886f68658
  languageName: node
  linkType: hard

"@oxlint/darwin-arm64@npm:1.6.0":
  version: 1.6.0
  resolution: "@oxlint/darwin-arm64@npm:1.6.0"
  conditions: os=darwin & cpu=arm64
  languageName: node
  linkType: hard

"@oxlint/darwin-x64@npm:1.6.0":
  version: 1.6.0
  resolution: "@oxlint/darwin-x64@npm:1.6.0"
  conditions: os=darwin & cpu=x64
  languageName: node
  linkType: hard

"@oxlint/linux-arm64-gnu@npm:1.6.0":
  version: 1.6.0
  resolution: "@oxlint/linux-arm64-gnu@npm:1.6.0"
  conditions: os=linux & cpu=arm64 & libc=glibc
  languageName: node
  linkType: hard

"@oxlint/linux-arm64-musl@npm:1.6.0":
  version: 1.6.0
  resolution: "@oxlint/linux-arm64-musl@npm:1.6.0"
  conditions: os=linux & cpu=arm64 & libc=musl
  languageName: node
  linkType: hard

"@oxlint/linux-x64-gnu@npm:1.6.0":
  version: 1.6.0
  resolution: "@oxlint/linux-x64-gnu@npm:1.6.0"
  conditions: os=linux & cpu=x64 & libc=glibc
  languageName: node
  linkType: hard

"@oxlint/linux-x64-musl@npm:1.6.0":
  version: 1.6.0
  resolution: "@oxlint/linux-x64-musl@npm:1.6.0"
  conditions: os=linux & cpu=x64 & libc=musl
  languageName: node
  linkType: hard

"@oxlint/win32-arm64@npm:1.6.0":
  version: 1.6.0
  resolution: "@oxlint/win32-arm64@npm:1.6.0"
  conditions: os=win32 & cpu=arm64
  languageName: node
  linkType: hard

"@oxlint/win32-x64@npm:1.6.0":
  version: 1.6.0
  resolution: "@oxlint/win32-x64@npm:1.6.0"
  conditions: os=win32 & cpu=x64
  languageName: node
  linkType: hard

"ansi-escapes@npm:^3.0.0":
  version: 3.2.0
  resolution: "ansi-escapes@npm:3.2.0"
  checksum: 10c0/084e1ce38139ad2406f18a8e7efe2b850ddd06ce3c00f633392d1ce67756dab44fe290e573d09ef3c9a0cb13c12881e0e35a8f77a017d39a0a4ab85ae2fae04f
  languageName: node
  linkType: hard

"ansi-escapes@npm:^4.3.2":
  version: 4.3.2
  resolution: "ansi-escapes@npm:4.3.2"
  dependencies:
    type-fest: "npm:^0.21.3"
  checksum: 10c0/da917be01871525a3dfcf925ae2977bc59e8c513d4423368645634bf5d4ceba5401574eb705c1e92b79f7292af5a656f78c5725a4b0e1cec97c4b413705c1d50
  languageName: node
  linkType: hard

"ansi-regex@npm:^3.0.0":
  version: 3.0.1
  resolution: "ansi-regex@npm:3.0.1"
  checksum: 10c0/d108a7498b8568caf4a46eea4f1784ab4e0dfb2e3f3938c697dee21443d622d765c958f2b7e2b9f6b9e55e2e2af0584eaa9915d51782b89a841c28e744e7a167
  languageName: node
  linkType: hard

"ansi-regex@npm:^5.0.1":
  version: 5.0.1
  resolution: "ansi-regex@npm:5.0.1"
  checksum: 10c0/9a64bb8627b434ba9327b60c027742e5d17ac69277960d041898596271d992d4d52ba7267a63ca10232e29f6107fc8a835f6ce8d719b88c5f8493f8254813737
  languageName: node
  linkType: hard

"ansi-styles@npm:^3.2.1":
  version: 3.2.1
  resolution: "ansi-styles@npm:3.2.1"
  dependencies:
    color-convert: "npm:^1.9.0"
  checksum: 10c0/ece5a8ef069fcc5298f67e3f4771a663129abd174ea2dfa87923a2be2abf6cd367ef72ac87942da00ce85bd1d651d4cd8595aebdb1b385889b89b205860e977b
  languageName: node
  linkType: hard

"ansi-styles@npm:^4.0.0":
  version: 4.3.0
  resolution: "ansi-styles@npm:4.3.0"
  dependencies:
    color-convert: "npm:^2.0.1"
  checksum: 10c0/895a23929da416f2bd3de7e9cb4eabd340949328ab85ddd6e484a637d8f6820d485f53933446f5291c3b760cbc488beb8e88573dd0f9c7daf83dccc8fe81b041
  languageName: node
  linkType: hard

"binary-version-check@npm:~6.1.0":
  version: 6.1.0
  resolution: "binary-version-check@npm:6.1.0"
  dependencies:
    binary-version: "npm:^7.1.0"
    semver: "npm:^7.6.0"
    semver-truncate: "npm:^3.0.0"
  checksum: 10c0/6b235dce1966f007af32db99504d8b5e3de6d14ee3326e43058059b338fac021cee0d3d513cf1a972a20d4eaa04c6ddb52b74e9ff22b0f7562e04bebead89e86
  languageName: node
  linkType: hard

"binary-version@npm:^7.1.0":
  version: 7.1.0
  resolution: "binary-version@npm:7.1.0"
  dependencies:
    execa: "npm:^8.0.1"
    find-versions: "npm:^6.0.0"
  checksum: 10c0/1d0c902a1959cca1999ded1cc3372ca44dcbee6368d48f626c19fe01df42b034b4a2f81961ef9db4af14a646855caa083aeafa77a474d1cede70519b0383e925
  languageName: node
  linkType: hard

"chalk@npm:^2.4.1":
  version: 2.4.2
  resolution: "chalk@npm:2.4.2"
  dependencies:
    ansi-styles: "npm:^3.2.1"
    escape-string-regexp: "npm:^1.0.5"
    supports-color: "npm:^5.3.0"
  checksum: 10c0/e6543f02ec877732e3a2d1c3c3323ddb4d39fbab687c23f526e25bd4c6a9bf3b83a696e8c769d078e04e5754921648f7821b2a2acfd16c550435fd630026e073
  languageName: node
  linkType: hard

"chardet@npm:^0.7.0":
  version: 0.7.0
  resolution: "chardet@npm:0.7.0"
  checksum: 10c0/96e4731b9ec8050cbb56ab684e8c48d6c33f7826b755802d14e3ebfdc51c57afeece3ea39bc6b09acc359e4363525388b915e16640c1378053820f5e70d0f27d
  languageName: node
  linkType: hard

"cli-cursor@npm:^2.0.0":
  version: 2.1.0
  resolution: "cli-cursor@npm:2.1.0"
  dependencies:
    restore-cursor: "npm:^2.0.0"
  checksum: 10c0/09ee6d8b5b818d840bf80ec9561eaf696672197d3a02a7daee2def96d5f52ce6e0bbe7afca754ccf14f04830b5a1b4556273e983507d5029f95bba3016618eda
  languageName: node
  linkType: hard

"cli-spinners@npm:^1.3.1":
  version: 1.3.1
  resolution: "cli-spinners@npm:1.3.1"
  checksum: 10c0/4211cbf342f42279c0896c98de8857cc4231a2a2521f726950a94ce78deac62e5d976102deed594c9ca6a0dc02ac2eef7806c5d866c3695d75993a3f27dc8bd4
  languageName: node
  linkType: hard

"cli-width@npm:^4.1.0":
  version: 4.1.0
  resolution: "cli-width@npm:4.1.0"
  checksum: 10c0/1fbd56413578f6117abcaf858903ba1f4ad78370a4032f916745fa2c7e390183a9d9029cf837df320b0fdce8137668e522f60a30a5f3d6529ff3872d265a955f
  languageName: node
  linkType: hard

"color-convert@npm:^1.9.0":
  version: 1.9.3
  resolution: "color-convert@npm:1.9.3"
  dependencies:
    color-name: "npm:1.1.3"
  checksum: 10c0/5ad3c534949a8c68fca8fbc6f09068f435f0ad290ab8b2f76841b9e6af7e0bb57b98cb05b0e19fe33f5d91e5a8611ad457e5f69e0a484caad1f7487fd0e8253c
  languageName: node
  linkType: hard

"color-convert@npm:^2.0.1":
  version: 2.0.1
  resolution: "color-convert@npm:2.0.1"
  dependencies:
    color-name: "npm:~1.1.4"
  checksum: 10c0/37e1150172f2e311fe1b2df62c6293a342ee7380da7b9cfdba67ea539909afbd74da27033208d01d6d5cfc65ee7868a22e18d7e7648e004425441c0f8a15a7d7
  languageName: node
  linkType: hard

"color-name@npm:1.1.3":
  version: 1.1.3
  resolution: "color-name@npm:1.1.3"
  checksum: 10c0/566a3d42cca25b9b3cd5528cd7754b8e89c0eb646b7f214e8e2eaddb69994ac5f0557d9c175eb5d8f0ad73531140d9c47525085ee752a91a2ab15ab459caf6d6
  languageName: node
  linkType: hard

"color-name@npm:~1.1.4":
  version: 1.1.4
  resolution: "color-name@npm:1.1.4"
  checksum: 10c0/a1a3f914156960902f46f7f56bc62effc6c94e84b2cae157a526b1c1f74b677a47ec602bf68a61abfa2b42d15b7c5651c6dbe72a43af720bc588dff885b10f95
  languageName: node
  linkType: hard

"convert-hrtime@npm:^5.0.0":
  version: 5.0.0
  resolution: "convert-hrtime@npm:5.0.0"
  checksum: 10c0/2092e51aab205e1141440e84e2a89f8881e68e47c1f8bc168dfd7c67047d8f1db43bac28044bc05749205651fead4e7910f52c7bb6066213480df99e333e9f47
  languageName: node
  linkType: hard

"cross-spawn@npm:^7.0.3":
  version: 7.0.6
  resolution: "cross-spawn@npm:7.0.6"
  dependencies:
    path-key: "npm:^3.1.0"
    shebang-command: "npm:^2.0.0"
    which: "npm:^2.0.1"
  checksum: 10c0/053ea8b2135caff68a9e81470e845613e374e7309a47731e81639de3eaeb90c3d01af0e0b44d2ab9d50b43467223b88567dfeb3262db942dc063b9976718ffc1
  languageName: node
  linkType: hard

"d@npm:1, d@npm:^1.0.1, d@npm:^1.0.2":
  version: 1.0.2
  resolution: "d@npm:1.0.2"
  dependencies:
    es5-ext: "npm:^0.10.64"
    type: "npm:^2.7.2"
  checksum: 10c0/3e6ede10cd3b77586c47da48423b62bed161bf1a48bdbcc94d87263522e22f5dfb0e678a6dba5323fdc14c5d8612b7f7eb9e7d9e37b2e2d67a7bf9f116dabe5a
  languageName: node
  linkType: hard

"dargs@npm:~7.0.0":
  version: 7.0.0
  resolution: "dargs@npm:7.0.0"
  checksum: 10c0/ec7f6a8315a8fa2f8b12d39207615bdf62b4d01f631b96fbe536c8ad5469ab9ed710d55811e564d0d5c1d548fc8cb6cc70bf0939f2415790159f5a75e0f96c92
  languageName: node
  linkType: hard

"debug-fabulous@npm:2.0.2":
  version: 2.0.2
  resolution: "debug-fabulous@npm:2.0.2"
  dependencies:
    debug: "npm:^4"
    memoizee: "npm:0.4"
  checksum: 10c0/0955086e49c4fbf0d5521cfcb92fad9f8f75e984e6a911357974019668420c04de3561108895a81d040118729706f707c3fac0a38ae75683e6945ee096962dbe
  languageName: node
  linkType: hard

"debug-logfmt@npm:~1.2.2":
  version: 1.2.3
  resolution: "debug-logfmt@npm:1.2.3"
  dependencies:
    "@jclem/logfmt2": "npm:~2.4.3"
    "@kikobeats/time-span": "npm:~1.0.2"
    debug-fabulous: "npm:2.0.2"
    pretty-ms: "npm:~7.0.1"
  checksum: 10c0/af4a83c83c4a25dcce9c48d2580927399f3d101c910730b12ee5cc16132c9ce6b6fce7f4fe16cfafadcb4071ed6b4d23323c29d8b5b8913cd34adf04fa056805
  languageName: node
  linkType: hard

"debug@npm:^4":
  version: 4.4.1
  resolution: "debug@npm:4.4.1"
  dependencies:
    ms: "npm:^2.1.3"
  peerDependenciesMeta:
    supports-color:
      optional: true
  checksum: 10c0/d2b44bc1afd912b49bb7ebb0d50a860dc93a4dd7d946e8de94abc957bb63726b7dd5aa48c18c2386c379ec024c46692e15ed3ed97d481729f929201e671fcd55
  languageName: node
  linkType: hard

"emoji-regex@npm:^8.0.0":
  version: 8.0.0
  resolution: "emoji-regex@npm:8.0.0"
  checksum: 10c0/b6053ad39951c4cf338f9092d7bfba448cdfd46fe6a2a034700b149ac9ffbc137e361cbd3c442297f86bed2e5f7576c1b54cc0a6bf8ef5106cc62f496af35010
  languageName: node
  linkType: hard

"es5-ext@npm:^0.10.35, es5-ext@npm:^0.10.46, es5-ext@npm:^0.10.62, es5-ext@npm:^0.10.64, es5-ext@npm:~0.10.14, es5-ext@npm:~0.10.2":
  version: 0.10.64
  resolution: "es5-ext@npm:0.10.64"
  dependencies:
    es6-iterator: "npm:^2.0.3"
    es6-symbol: "npm:^3.1.3"
    esniff: "npm:^2.0.1"
    next-tick: "npm:^1.1.0"
  checksum: 10c0/4459b6ae216f3c615db086e02437bdfde851515a101577fd61b19f9b3c1ad924bab4d197981eb7f0ccb915f643f2fc10ff76b97a680e96cbb572d15a27acd9a3
  languageName: node
  linkType: hard

"es6-iterator@npm:^2.0.3":
  version: 2.0.3
  resolution: "es6-iterator@npm:2.0.3"
  dependencies:
    d: "npm:1"
    es5-ext: "npm:^0.10.35"
    es6-symbol: "npm:^3.1.1"
  checksum: 10c0/91f20b799dba28fb05bf623c31857fc1524a0f1c444903beccaf8929ad196c8c9ded233e5ac7214fc63a92b3f25b64b7f2737fcca8b1f92d2d96cf3ac902f5d8
  languageName: node
  linkType: hard

"es6-symbol@npm:^3.1.1, es6-symbol@npm:^3.1.3":
  version: 3.1.4
  resolution: "es6-symbol@npm:3.1.4"
  dependencies:
    d: "npm:^1.0.2"
    ext: "npm:^1.7.0"
  checksum: 10c0/777bf3388db5d7919e09a0fd175aa5b8a62385b17cb2227b7a137680cba62b4d9f6193319a102642aa23d5840d38a62e4784f19cfa5be4a2210a3f0e9b23d15d
  languageName: node
  linkType: hard

"es6-weak-map@npm:^2.0.3":
  version: 2.0.3
  resolution: "es6-weak-map@npm:2.0.3"
  dependencies:
    d: "npm:1"
    es5-ext: "npm:^0.10.46"
    es6-iterator: "npm:^2.0.3"
    es6-symbol: "npm:^3.1.1"
  checksum: 10c0/460932be9542473dbbddd183e21c15a66cfec1b2c17dae2b514e190d6fb2896b7eb683783d4b36da036609d2e1c93d2815f21b374dfccaf02a8978694c2f7b67
  languageName: node
  linkType: hard

"escape-string-regexp@npm:^1.0.5":
  version: 1.0.5
  resolution: "escape-string-regexp@npm:1.0.5"
  checksum: 10c0/a968ad453dd0c2724e14a4f20e177aaf32bb384ab41b674a8454afe9a41c5e6fe8903323e0a1052f56289d04bd600f81278edf140b0fcc02f5cac98d0f5b5371
  languageName: node
  linkType: hard

"esniff@npm:^2.0.1":
  version: 2.0.1
  resolution: "esniff@npm:2.0.1"
  dependencies:
    d: "npm:^1.0.1"
    es5-ext: "npm:^0.10.62"
    event-emitter: "npm:^0.3.5"
    type: "npm:^2.7.2"
  checksum: 10c0/7efd8d44ac20e5db8cb0ca77eb65eca60628b2d0f3a1030bcb05e71cc40e6e2935c47b87dba3c733db12925aa5b897f8e0e7a567a2c274206f184da676ea2e65
  languageName: node
  linkType: hard

"event-emitter@npm:^0.3.5":
  version: 0.3.5
  resolution: "event-emitter@npm:0.3.5"
  dependencies:
    d: "npm:1"
    es5-ext: "npm:~0.10.14"
  checksum: 10c0/75082fa8ffb3929766d0f0a063bfd6046bd2a80bea2666ebaa0cfd6f4a9116be6647c15667bea77222afc12f5b4071b68d393cf39fdaa0e8e81eda006160aff0
  languageName: node
  linkType: hard

"execa@npm:^8.0.1":
  version: 8.0.1
  resolution: "execa@npm:8.0.1"
  dependencies:
    cross-spawn: "npm:^7.0.3"
    get-stream: "npm:^8.0.1"
    human-signals: "npm:^5.0.0"
    is-stream: "npm:^3.0.0"
    merge-stream: "npm:^2.0.0"
    npm-run-path: "npm:^5.1.0"
    onetime: "npm:^6.0.0"
    signal-exit: "npm:^4.1.0"
    strip-final-newline: "npm:^3.0.0"
  checksum: 10c0/2c52d8775f5bf103ce8eec9c7ab3059909ba350a5164744e9947ed14a53f51687c040a250bda833f906d1283aa8803975b84e6c8f7a7c42f99dc8ef80250d1af
  languageName: node
  linkType: hard

"ext@npm:^1.7.0":
  version: 1.7.0
  resolution: "ext@npm:1.7.0"
  dependencies:
    type: "npm:^2.7.2"
  checksum: 10c0/a8e5f34e12214e9eee3a4af3b5c9d05ba048f28996450975b369fc86e5d0ef13b6df0615f892f5396a9c65d616213c25ec5b0ad17ef42eac4a500512a19da6c7
  languageName: node
  linkType: hard

"external-editor@npm:^3.1.0":
  version: 3.1.0
  resolution: "external-editor@npm:3.1.0"
  dependencies:
    chardet: "npm:^0.7.0"
    iconv-lite: "npm:^0.4.24"
    tmp: "npm:^0.0.33"
  checksum: 10c0/c98f1ba3efdfa3c561db4447ff366a6adb5c1e2581462522c56a18bf90dfe4da382f9cd1feee3e330108c3595a854b218272539f311ba1b3298f841eb0fbf339
  languageName: node
  linkType: hard

"find-versions@npm:^6.0.0":
  version: 6.0.0
  resolution: "find-versions@npm:6.0.0"
  dependencies:
    semver-regex: "npm:^4.0.5"
    super-regex: "npm:^1.0.0"
  checksum: 10c0/1e38da3058f389c8657cd6f47fbcf12412051e7d2d14017594b8ca54ec239d19058f2d9dde80f27415726ab62822e32e3ed0a81141cfc206a3b8c8f0d87a5732
  languageName: node
  linkType: hard

"function-timeout@npm:^1.0.1":
  version: 1.0.2
  resolution: "function-timeout@npm:1.0.2"
  checksum: 10c0/75d7ac6c83c450b84face2c9d22307b00e10c7376aa3a34c7be260853582c5e4c502904e2f6bf1d4500c4052e748e001388f6bbd9d34ebfdfb6c4fec2169d0ff
  languageName: node
  linkType: hard

"get-stream@npm:^8.0.1":
  version: 8.0.1
  resolution: "get-stream@npm:8.0.1"
  checksum: 10c0/5c2181e98202b9dae0bb4a849979291043e5892eb40312b47f0c22b9414fc9b28a3b6063d2375705eb24abc41ecf97894d9a51f64ff021511b504477b27b4290
  languageName: node
  linkType: hard

"has-flag@npm:^3.0.0":
  version: 3.0.0
  resolution: "has-flag@npm:3.0.0"
  checksum: 10c0/1c6c83b14b8b1b3c25b0727b8ba3e3b647f99e9e6e13eb7322107261de07a4c1be56fc0d45678fc376e09772a3a1642ccdaf8fc69bdf123b6c086598397ce473
  languageName: node
  linkType: hard

"human-signals@npm:^5.0.0":
  version: 5.0.0
  resolution: "human-signals@npm:5.0.0"
  checksum: 10c0/5a9359073fe17a8b58e5a085e9a39a950366d9f00217c4ff5878bd312e09d80f460536ea6a3f260b5943a01fe55c158d1cea3fc7bee3d0520aeef04f6d915c82
  languageName: node
  linkType: hard

"humanize-duration@npm:^3.15.3":
  version: 3.33.0
  resolution: "humanize-duration@npm:3.33.0"
  checksum: 10c0/516c966e848177df526444f83f27d92fdfb7b96f8cd3d42e5b1bdbda950c8b56db0ac8ea25bc130445b577d19c382c35fe3d458643c10f0fe071ab1b8fe8ad80
  languageName: node
  linkType: hard

"iconv-lite@npm:^0.4.24":
  version: 0.4.24
  resolution: "iconv-lite@npm:0.4.24"
  dependencies:
    safer-buffer: "npm:>= 2.1.2 < 3"
  checksum: 10c0/c6886a24cc00f2a059767440ec1bc00d334a89f250db8e0f7feb4961c8727118457e27c495ba94d082e51d3baca378726cd110aaf7ded8b9bbfd6a44760cf1d4
  languageName: node
  linkType: hard

"inquirer@npm:^12.7.0":
  version: 12.7.0
  resolution: "inquirer@npm:12.7.0"
  dependencies:
    "@inquirer/core": "npm:^10.1.14"
    "@inquirer/prompts": "npm:^7.6.0"
    "@inquirer/type": "npm:^3.0.7"
    ansi-escapes: "npm:^4.3.2"
    mute-stream: "npm:^2.0.0"
    run-async: "npm:^4.0.4"
    rxjs: "npm:^7.8.2"
  peerDependencies:
    "@types/node": ">=18"
  peerDependenciesMeta:
    "@types/node":
      optional: true
  checksum: 10c0/0e666c104b10dcc87806d80c7a7ee2f604557dd2ede660544b1b6795926dc76ec385c7165a99cf53bdc881e53a4183f6df033351df7d7f5682963a67cccc734f
  languageName: node
  linkType: hard

"is-fullwidth-code-point@npm:^2.0.0":
  version: 2.0.0
  resolution: "is-fullwidth-code-point@npm:2.0.0"
  checksum: 10c0/e58f3e4a601fc0500d8b2677e26e9fe0cd450980e66adb29d85b6addf7969731e38f8e43ed2ec868a09c101a55ac3d8b78902209269f38c5286bc98f5bc1b4d9
  languageName: node
  linkType: hard

"is-fullwidth-code-point@npm:^3.0.0":
  version: 3.0.0
  resolution: "is-fullwidth-code-point@npm:3.0.0"
  checksum: 10c0/bb11d825e049f38e04c06373a8d72782eee0205bda9d908cc550ccb3c59b99d750ff9537982e01733c1c94a58e35400661f57042158ff5e8f3e90cf936daf0fc
  languageName: node
  linkType: hard

"is-promise@npm:^2.2.2":
  version: 2.2.2
  resolution: "is-promise@npm:2.2.2"
  checksum: 10c0/2dba959812380e45b3df0fb12e7cb4d4528c989c7abb03ececb1d1fd6ab1cbfee956ca9daa587b9db1d8ac3c1e5738cf217bdb3dfd99df8c691be4c00ae09069
  languageName: node
  linkType: hard

"is-stream@npm:^3.0.0":
  version: 3.0.0
  resolution: "is-stream@npm:3.0.0"
  checksum: 10c0/eb2f7127af02ee9aa2a0237b730e47ac2de0d4e76a4a905a50a11557f2339df5765eaea4ceb8029f1efa978586abe776908720bfcb1900c20c6ec5145f6f29d8
  languageName: node
  linkType: hard

"is-unix@npm:~2.0.10":
  version: 2.0.10
  resolution: "is-unix@npm:2.0.10"
  checksum: 10c0/751bb75a707bde51062baeb6d506d5f83595f4d777928aa67e0738969e40603020b34790f104d0d7faac1c199b30b257bd70214e3adf6ebb8c6d515bb76f87ea
  languageName: node
  linkType: hard

"isexe@npm:^2.0.0":
  version: 2.0.0
  resolution: "isexe@npm:2.0.0"
  checksum: 10c0/228cfa503fadc2c31596ab06ed6aa82c9976eec2bfd83397e7eaf06d0ccf42cd1dfd6743bf9aeb01aebd4156d009994c5f76ea898d2832c1fe342da923ca457d
  languageName: node
  linkType: hard

"log-update@npm:^2.3.0":
  version: 2.3.0
  resolution: "log-update@npm:2.3.0"
  dependencies:
    ansi-escapes: "npm:^3.0.0"
    cli-cursor: "npm:^2.0.0"
    wrap-ansi: "npm:^3.0.1"
  checksum: 10c0/9bf21b138801ab4770a2bfa735161cf005b869360eaf5003a84ba64ddc5f5c3ce7217f4f1fa79d9c1f510d792213b2c9800327228e94df05859d19b716215d90
  languageName: node
  linkType: hard

"lru-queue@npm:^0.1.0":
  version: 0.1.0
  resolution: "lru-queue@npm:0.1.0"
  dependencies:
    es5-ext: "npm:~0.10.2"
  checksum: 10c0/83517032b46843601c4528be65e8aaf85f5a7860a9cfa3e4f2b5591da436e7cd748d95b450c91434c4ffb75d3ae4c069ddbdd9f71ada56a99a00c03088c51b4d
  languageName: node
  linkType: hard

"memoizee@npm:0.4":
  version: 0.4.17
  resolution: "memoizee@npm:0.4.17"
  dependencies:
    d: "npm:^1.0.2"
    es5-ext: "npm:^0.10.64"
    es6-weak-map: "npm:^2.0.3"
    event-emitter: "npm:^0.3.5"
    is-promise: "npm:^2.2.2"
    lru-queue: "npm:^0.1.0"
    next-tick: "npm:^1.1.0"
    timers-ext: "npm:^0.1.7"
  checksum: 10c0/19821d055f0f641e79b718f91d6d89a6c92840643234a6f4e91d42aa330e8406f06c47d3828931e177c38830aa9b959710e5b7f0013be452af46d0f9eae4baf4
  languageName: node
  linkType: hard

"merge-stream@npm:^2.0.0":
  version: 2.0.0
  resolution: "merge-stream@npm:2.0.0"
  checksum: 10c0/867fdbb30a6d58b011449b8885601ec1690c3e41c759ecd5a9d609094f7aed0096c37823ff4a7190ef0b8f22cc86beb7049196ff68c016e3b3c671d0dac91ce5
  languageName: node
  linkType: hard

"mimic-fn@npm:^1.0.0":
  version: 1.2.0
  resolution: "mimic-fn@npm:1.2.0"
  checksum: 10c0/ad55214aec6094c0af4c0beec1a13787556f8116ed88807cf3f05828500f21f93a9482326bcd5a077ae91e3e8795b4e76b5b4c8bb12237ff0e4043a365516cba
  languageName: node
  linkType: hard

"mimic-fn@npm:^4.0.0":
  version: 4.0.0
  resolution: "mimic-fn@npm:4.0.0"
  checksum: 10c0/de9cc32be9996fd941e512248338e43407f63f6d497abe8441fa33447d922e927de54d4cc3c1a3c6d652857acd770389d5a3823f311a744132760ce2be15ccbf
  languageName: node
  linkType: hard

"ms@npm:^2.1.3":
  version: 2.1.3
  resolution: "ms@npm:2.1.3"
  checksum: 10c0/d924b57e7312b3b63ad21fc5b3dc0af5e78d61a1fc7cfb5457edaf26326bf62be5307cc87ffb6862ef1c2b33b0233cdb5d4f01c4c958cc0d660948b65a287a48
  languageName: node
  linkType: hard

"mute-stream@npm:^2.0.0":
  version: 2.0.0
  resolution: "mute-stream@npm:2.0.0"
  checksum: 10c0/2cf48a2087175c60c8dcdbc619908b49c07f7adcfc37d29236b0c5c612d6204f789104c98cc44d38acab7b3c96f4a3ec2cfdc4934d0738d876dbefa2a12c69f4
  languageName: node
  linkType: hard

"next-tick@npm:^1.1.0":
  version: 1.1.0
  resolution: "next-tick@npm:1.1.0"
  checksum: 10c0/3ba80dd805fcb336b4f52e010992f3e6175869c8d88bf4ff0a81d5d66e6049f89993463b28211613e58a6b7fe93ff5ccbba0da18d4fa574b96289e8f0b577f28
  languageName: node
  linkType: hard

"npm-run-path@npm:^5.1.0":
  version: 5.3.0
  resolution: "npm-run-path@npm:5.3.0"
  dependencies:
    path-key: "npm:^4.0.0"
  checksum: 10c0/124df74820c40c2eb9a8612a254ea1d557ddfab1581c3e751f825e3e366d9f00b0d76a3c94ecd8398e7f3eee193018622677e95816e8491f0797b21e30b2deba
  languageName: node
  linkType: hard

"onetime@npm:^2.0.0":
  version: 2.0.1
  resolution: "onetime@npm:2.0.1"
  dependencies:
    mimic-fn: "npm:^1.0.0"
  checksum: 10c0/b4e44a8c34e70e02251bfb578a6e26d6de6eedbed106cd78211d2fd64d28b6281d54924696554e4e966559644243753ac5df73c87f283b0927533d3315696215
  languageName: node
  linkType: hard

"onetime@npm:^6.0.0":
  version: 6.0.0
  resolution: "onetime@npm:6.0.0"
  dependencies:
    mimic-fn: "npm:^4.0.0"
  checksum: 10c0/4eef7c6abfef697dd4479345a4100c382d73c149d2d56170a54a07418c50816937ad09500e1ed1e79d235989d073a9bade8557122aee24f0576ecde0f392bb6c
  languageName: node
  linkType: hard

"os-tmpdir@npm:~1.0.2":
  version: 1.0.2
  resolution: "os-tmpdir@npm:1.0.2"
  checksum: 10c0/f438450224f8e2687605a8dd318f0db694b6293c5d835ae509a69e97c8de38b6994645337e5577f5001115470414638978cc49da1cdcc25106dad8738dc69990
  languageName: node
  linkType: hard

"oxlint@npm:^1.2.0":
  version: 1.6.0
  resolution: "oxlint@npm:1.6.0"
  dependencies:
    "@oxlint/darwin-arm64": "npm:1.6.0"
    "@oxlint/darwin-x64": "npm:1.6.0"
    "@oxlint/linux-arm64-gnu": "npm:1.6.0"
    "@oxlint/linux-arm64-musl": "npm:1.6.0"
    "@oxlint/linux-x64-gnu": "npm:1.6.0"
    "@oxlint/linux-x64-musl": "npm:1.6.0"
    "@oxlint/win32-arm64": "npm:1.6.0"
    "@oxlint/win32-x64": "npm:1.6.0"
  dependenciesMeta:
    "@oxlint/darwin-arm64":
      optional: true
    "@oxlint/darwin-x64":
      optional: true
    "@oxlint/linux-arm64-gnu":
      optional: true
    "@oxlint/linux-arm64-musl":
      optional: true
    "@oxlint/linux-x64-gnu":
      optional: true
    "@oxlint/linux-x64-musl":
      optional: true
    "@oxlint/win32-arm64":
      optional: true
    "@oxlint/win32-x64":
      optional: true
  bin:
    oxc_language_server: bin/oxc_language_server
    oxlint: bin/oxlint
  checksum: 10c0/a3a7ade49bf2a05c2d9e7ca848ee355dbebd66a18c946037ae81f458b4c853b1fe2a3917b7d93e46ec73406ebaf3e33a9dfa3e1665dc14276fe6f8ea84aad30a
  languageName: node
  linkType: hard

"parse-ms@npm:^2.1.0":
  version: 2.1.0
  resolution: "parse-ms@npm:2.1.0"
  checksum: 10c0/9c5c0a95c6267c84085685556a6e102ee806c3147ec11cbb9b98e35998eb4a48a757bd6ea7bfd930062de65909a33d24985055b4394e70aa0b65ee40cef16911
  languageName: node
  linkType: hard

"path-key@npm:^3.1.0":
  version: 3.1.1
  resolution: "path-key@npm:3.1.1"
  checksum: 10c0/748c43efd5a569c039d7a00a03b58eecd1d75f3999f5a28303d75f521288df4823bc057d8784eb72358b2895a05f29a070bc9f1f17d28226cc4e62494cc58c4c
  languageName: node
  linkType: hard

"path-key@npm:^4.0.0":
  version: 4.0.0
  resolution: "path-key@npm:4.0.0"
  checksum: 10c0/794efeef32863a65ac312f3c0b0a99f921f3e827ff63afa5cb09a377e202c262b671f7b3832a4e64731003fa94af0263713962d317b9887bd1e0c48a342efba3
  languageName: node
  linkType: hard

"prettier@npm:^3.5.3":
  version: 3.6.2
  resolution: "prettier@npm:3.6.2"
  bin:
    prettier: bin/prettier.cjs
  checksum: 10c0/488cb2f2b99ec13da1e50074912870217c11edaddedeadc649b1244c749d15ba94e846423d062e2c4c9ae683e2d65f754de28889ba06e697ac4f988d44f45812
  languageName: node
  linkType: hard

"pretty-ms@npm:~7.0.1":
  version: 7.0.1
  resolution: "pretty-ms@npm:7.0.1"
  dependencies:
    parse-ms: "npm:^2.1.0"
  checksum: 10c0/069aec9d939e7903846b3db53b020bed92e3dc5909e0fef09ec8ab104a0b7f9a846605a1633c60af900d288582fb333f6f30469e59d6487a2330301fad35a89c
  languageName: node
  linkType: hard

"progress-estimator@npm:^0.3.1":
  version: 0.3.1
  resolution: "progress-estimator@npm:0.3.1"
  dependencies:
    chalk: "npm:^2.4.1"
    cli-spinners: "npm:^1.3.1"
    humanize-duration: "npm:^3.15.3"
    log-update: "npm:^2.3.0"
  checksum: 10c0/5d38ec0c18c59428f4e18d020fed1edb950cd2f7d476f8ed748c23760c42f6a15210e51e43a40e9f165a19d1a4e6fc8e16f5ed2ca250fe05927e2c0e7d9f8a9d
  languageName: node
  linkType: hard

"restore-cursor@npm:^2.0.0":
  version: 2.0.0
  resolution: "restore-cursor@npm:2.0.0"
  dependencies:
    onetime: "npm:^2.0.0"
    signal-exit: "npm:^3.0.2"
  checksum: 10c0/f5b335bee06f440445e976a7031a3ef53691f9b7c4a9d42a469a0edaf8a5508158a0d561ff2b26a1f4f38783bcca2c0e5c3a44f927326f6694d5b44d7a4993e6
  languageName: node
  linkType: hard

"run-async@npm:^4.0.4":
  version: 4.0.4
  resolution: "run-async@npm:4.0.4"
  dependencies:
    oxlint: "npm:^1.2.0"
    prettier: "npm:^3.5.3"
  checksum: 10c0/f0bb389ded2e4ed38ecbb7a277f4cd150b9a8c457b9cffc7ea8d2db27c1452f81b4900be2ea61582a9bb040fbbae7701bfdc023a3a27ef8f3413781fc1aa0ad0
  languageName: node
  linkType: hard

"rxjs@npm:^7.8.2":
  version: 7.8.2
  resolution: "rxjs@npm:7.8.2"
  dependencies:
    tslib: "npm:^2.1.0"
  checksum: 10c0/1fcd33d2066ada98ba8f21fcbbcaee9f0b271de1d38dc7f4e256bfbc6ffcdde68c8bfb69093de7eeb46f24b1fb820620bf0223706cff26b4ab99a7ff7b2e2c45
  languageName: node
  linkType: hard

"safer-buffer@npm:>= 2.1.2 < 3":
  version: 2.1.2
  resolution: "safer-buffer@npm:2.1.2"
  checksum: 10c0/7e3c8b2e88a1841c9671094bbaeebd94448111dd90a81a1f606f3f67708a6ec57763b3b47f06da09fc6054193e0e6709e77325415dc8422b04497a8070fa02d4
  languageName: node
  linkType: hard

"semver-regex@npm:^4.0.5":
  version: 4.0.5
  resolution: "semver-regex@npm:4.0.5"
  checksum: 10c0/c270eda133691dfaab90318df995e96222e4c26c47b17f7c8bd5e5fe88b81ed67b59695fe27546e0314b0f0423c7faed1f93379ad9db47c816df2ddf770918ff
  languageName: node
  linkType: hard

"semver-truncate@npm:^3.0.0":
  version: 3.0.0
  resolution: "semver-truncate@npm:3.0.0"
  dependencies:
    semver: "npm:^7.3.5"
  checksum: 10c0/faede4e69e81590ee6b4141f5e89ae1162cd0ecafe660f0ae72bca45f16677a01a3bc26283201b695cec8409e1e861b8b2b10b0621c1661983e7ab10736caeee
  languageName: node
  linkType: hard

"semver@npm:^7.3.5, semver@npm:^7.6.0":
  version: 7.7.2
  resolution: "semver@npm:7.7.2"
  bin:
    semver: bin/semver.js
  checksum: 10c0/aca305edfbf2383c22571cb7714f48cadc7ac95371b4b52362fb8eeffdfbc0de0669368b82b2b15978f8848f01d7114da65697e56cd8c37b0dab8c58e543f9ea
  languageName: node
  linkType: hard

"shebang-command@npm:^2.0.0":
  version: 2.0.0
  resolution: "shebang-command@npm:2.0.0"
  dependencies:
    shebang-regex: "npm:^3.0.0"
  checksum: 10c0/a41692e7d89a553ef21d324a5cceb5f686d1f3c040759c50aab69688634688c5c327f26f3ecf7001ebfd78c01f3c7c0a11a7c8bfd0a8bc9f6240d4f40b224e4e
  languageName: node
  linkType: hard

"shebang-regex@npm:^3.0.0":
  version: 3.0.0
  resolution: "shebang-regex@npm:3.0.0"
  checksum: 10c0/1dbed0726dd0e1152a92696c76c7f06084eb32a90f0528d11acd764043aacf76994b2fb30aa1291a21bd019d6699164d048286309a278855ee7bec06cf6fb690
  languageName: node
  linkType: hard

"signal-exit@npm:^3.0.2":
  version: 3.0.7
  resolution: "signal-exit@npm:3.0.7"
  checksum: 10c0/25d272fa73e146048565e08f3309d5b942c1979a6f4a58a8c59d5fa299728e9c2fcd1a759ec870863b1fd38653670240cd420dad2ad9330c71f36608a6a1c912
  languageName: node
  linkType: hard

"signal-exit@npm:^4.1.0":
  version: 4.1.0
  resolution: "signal-exit@npm:4.1.0"
  checksum: 10c0/41602dce540e46d599edba9d9860193398d135f7ff72cab629db5171516cfae628d21e7bfccde1bbfdf11c48726bc2a6d1a8fb8701125852fbfda7cf19c6aa83
  languageName: node
  linkType: hard

"string-width@npm:^2.1.1":
  version: 2.1.1
  resolution: "string-width@npm:2.1.1"
  dependencies:
    is-fullwidth-code-point: "npm:^2.0.0"
    strip-ansi: "npm:^4.0.0"
  checksum: 10c0/e5f2b169fcf8a4257a399f95d069522f056e92ec97dbdcb9b0cdf14d688b7ca0b1b1439a1c7b9773cd79446cbafd582727279d6bfdd9f8edd306ea5e90e5b610
  languageName: node
  linkType: hard

"string-width@npm:^4.1.0":
  version: 4.2.3
  resolution: "string-width@npm:4.2.3"
  dependencies:
    emoji-regex: "npm:^8.0.0"
    is-fullwidth-code-point: "npm:^3.0.0"
    strip-ansi: "npm:^6.0.1"
  checksum: 10c0/1e525e92e5eae0afd7454086eed9c818ee84374bb80328fc41217ae72ff5f065ef1c9d7f72da41de40c75fa8bb3dee63d92373fd492c84260a552c636392a47b
  languageName: node
  linkType: hard

"strip-ansi@npm:^4.0.0":
  version: 4.0.0
  resolution: "strip-ansi@npm:4.0.0"
  dependencies:
    ansi-regex: "npm:^3.0.0"
  checksum: 10c0/d75d9681e0637ea316ddbd7d4d3be010b1895a17e885155e0ed6a39755ae0fd7ef46e14b22162e66a62db122d3a98ab7917794e255532ab461bb0a04feb03e7d
  languageName: node
  linkType: hard

"strip-ansi@npm:^6.0.0, strip-ansi@npm:^6.0.1":
  version: 6.0.1
  resolution: "strip-ansi@npm:6.0.1"
  dependencies:
    ansi-regex: "npm:^5.0.1"
  checksum: 10c0/1ae5f212a126fe5b167707f716942490e3933085a5ff6c008ab97ab2f272c8025d3aa218b7bd6ab25729ca20cc81cddb252102f8751e13482a5199e873680952
  languageName: node
  linkType: hard

"strip-final-newline@npm:^3.0.0":
  version: 3.0.0
  resolution: "strip-final-newline@npm:3.0.0"
  checksum: 10c0/a771a17901427bac6293fd416db7577e2bc1c34a19d38351e9d5478c3c415f523f391003b42ed475f27e33a78233035df183525395f731d3bfb8cdcbd4da08ce
  languageName: node
  linkType: hard

"super-regex@npm:^1.0.0":
  version: 1.0.0
  resolution: "super-regex@npm:1.0.0"
  dependencies:
    function-timeout: "npm:^1.0.1"
    time-span: "npm:^5.1.0"
  checksum: 10c0/9727b57702308af74be90ed92d4612eed6c8b03fdf25efe1a3455e40d7145246516638bcabf3538e9e9c706d8ecb233e4888e0223283543fb2836d4d7acb6200
  languageName: node
  linkType: hard

"supports-color@npm:^5.3.0":
  version: 5.5.0
  resolution: "supports-color@npm:5.5.0"
  dependencies:
    has-flag: "npm:^3.0.0"
  checksum: 10c0/6ae5ff319bfbb021f8a86da8ea1f8db52fac8bd4d499492e30ec17095b58af11f0c55f8577390a749b1c4dde691b6a0315dab78f5f54c9b3d83f8fb5905c1c05
  languageName: node
  linkType: hard

"time-span@npm:^5.1.0":
  version: 5.1.0
  resolution: "time-span@npm:5.1.0"
  dependencies:
    convert-hrtime: "npm:^5.0.0"
  checksum: 10c0/37b8284c53f4ee320377512ac19e3a034f2b025f5abd6959b8c1d0f69e0f06ab03681df209f2e452d30129e7b1f25bf573fb0f29d57e71f9b4a6b5b99f4c4b9e
  languageName: node
  linkType: hard

"timers-ext@npm:^0.1.7":
  version: 0.1.8
  resolution: "timers-ext@npm:0.1.8"
  dependencies:
    es5-ext: "npm:^0.10.64"
    next-tick: "npm:^1.1.0"
  checksum: 10c0/d0222d0c171d08df69e51462e3fa2085744d13f8ac82b27597db05db1a09bc4244e03ea3cebe89ba279fd43f45daa39156acbe5b6ae5a9b9d62d300543312533
  languageName: node
  linkType: hard

"tinyspawn@npm:~1.5.0":
  version: 1.5.1
  resolution: "tinyspawn@npm:1.5.1"
  checksum: 10c0/2bf427b6029d399c3e8e48e979722f6e7e3965957689cac198d82aaabe304bf2267eb4b67a32d2240d17c1c1efcab94cff36629d4fdb870f6ea57238079f6422
  languageName: node
  linkType: hard

"tmp@npm:^0.0.33":
  version: 0.0.33
  resolution: "tmp@npm:0.0.33"
  dependencies:
    os-tmpdir: "npm:~1.0.2"
  checksum: 10c0/69863947b8c29cabad43fe0ce65cec5bb4b481d15d4b4b21e036b060b3edbf3bc7a5541de1bacb437bb3f7c4538f669752627fdf9b4aaf034cebd172ba373408
  languageName: node
  linkType: hard

"tslib@npm:^2.1.0":
  version: 2.8.1
  resolution: "tslib@npm:2.8.1"
  checksum: 10c0/9c4759110a19c53f992d9aae23aac5ced636e99887b51b9e61def52611732872ff7668757d4e4c61f19691e36f4da981cd9485e869b4a7408d689f6bf1f14e62
  languageName: node
  linkType: hard

"type-fest@npm:^0.21.3":
  version: 0.21.3
  resolution: "type-fest@npm:0.21.3"
  checksum: 10c0/902bd57bfa30d51d4779b641c2bc403cdf1371fb9c91d3c058b0133694fcfdb817aef07a47f40faf79039eecbaa39ee9d3c532deff244f3a19ce68cea71a61e8
  languageName: node
  linkType: hard

"type@npm:^2.7.2":
  version: 2.7.3
  resolution: "type@npm:2.7.3"
  checksum: 10c0/dec6902c2c42fcb86e3adf8cdabdf80e5ef9de280872b5fd547351e9cca2fe58dd2aa6d2547626ddff174145db272f62d95c7aa7038e27c11315657d781a688d
  languageName: node
  linkType: hard

"which@npm:^2.0.1":
  version: 2.0.2
  resolution: "which@npm:2.0.2"
  dependencies:
    isexe: "npm:^2.0.0"
  bin:
    node-which: ./bin/node-which
  checksum: 10c0/66522872a768b60c2a65a57e8ad184e5372f5b6a9ca6d5f033d4b0dc98aff63995655a7503b9c0a2598936f532120e81dd8cc155e2e92ed662a2b9377cc4374f
  languageName: node
  linkType: hard

"wrap-ansi@npm:^3.0.1":
  version: 3.0.1
  resolution: "wrap-ansi@npm:3.0.1"
  dependencies:
    string-width: "npm:^2.1.1"
    strip-ansi: "npm:^4.0.0"
  checksum: 10c0/ad6fed8f242c26755badaf452da154122d0d862f8b7aab56e758466857f230efafdc5fbffca026650b947ac3fc0eb563df5c05b9e2190a52a4a68f4eef3d4555
  languageName: node
  linkType: hard

"wrap-ansi@npm:^6.2.0":
  version: 6.2.0
  resolution: "wrap-ansi@npm:6.2.0"
  dependencies:
    ansi-styles: "npm:^4.0.0"
    string-width: "npm:^4.1.0"
    strip-ansi: "npm:^6.0.0"
  checksum: 10c0/baad244e6e33335ea24e86e51868fe6823626e3a3c88d9a6674642afff1d34d9a154c917e74af8d845fd25d170c4ea9cf69a47133c3f3656e1252b3d462d9f6c
  languageName: node
  linkType: hard

"yoctocolors-cjs@npm:^2.1.2":
  version: 2.1.2
  resolution: "yoctocolors-cjs@npm:2.1.2"
  checksum: 10c0/a0e36eb88fea2c7981eab22d1ba45e15d8d268626e6c4143305e2c1628fa17ebfaa40cd306161a8ce04c0a60ee0262058eab12567493d5eb1409780853454c6f
  languageName: node
  linkType: hard

"youtube-dl-exec@npm:^3.0.22":
  version: 3.0.22
  resolution: "youtube-dl-exec@npm:3.0.22"
  dependencies:
    binary-version-check: "npm:~6.1.0"
    dargs: "npm:~7.0.0"
    debug-logfmt: "npm:~1.2.2"
    is-unix: "npm:~2.0.10"
    tinyspawn: "npm:~1.5.0"
  checksum: 10c0/572c26c14463879da78a32d3c93a7d8b88878e04664826233339cf07856a6081ec46bb632e6cebbf78d6a65020389e52779f768f70fc390625882a813d80b409
  languageName: node
  linkType: hard

"youtube-dl@workspace:.":
  version: 0.0.0-use.local
  resolution: "youtube-dl@workspace:."
  dependencies:
    inquirer: "npm:^12.7.0"
    progress-estimator: "npm:^0.3.1"
    youtube-dl-exec: "npm:^3.0.22"
  languageName: unknown
  linkType: soft
